
Microsoft Visual Studio Solution File, Format Version 12.00
# Visual Studio Version 17
VisualStudioVersion = 17.0.31825.309
MinimumVisualStudioVersion = 10.0.40219.1
Project("{9A19103F-16F7-4668-BE54-9A1E7A4F7556}") = "Day1", "Day1\Day1.csproj", "{98EB2844-2B24-439D-B9E8-F1A6DFD15FED}"
EndProject
Project("{9A19103F-16F7-4668-BE54-9A1E7A4F7556}") = "Common", "Common\Common.csproj", "{377CB367-2BF2-4443-B945-57AA6631AAA7}"
EndProject
Project("{9A19103F-16F7-4668-BE54-9A1E7A4F7556}") = "Day2", "Day2\Day2.csproj", "{9FF92C35-0720-4444-A468-A59DE2FE63F2}"
EndProject
Project("{9A19103F-16F7-4668-BE54-9A1E7A4F7556}") = "Day3", "Day3\Day3.csproj", "{2C2CF9D3-314B-4CDC-A132-10A31B5A788D}"
EndProject
Project("{9A19103F-16F7-4668-BE54-9A1E7A4F7556}") = "Day4", "Day4\Day4.csproj", "{FB3D4565-B436-45BF-8B81-B5C41432968C}"
EndProject
Project("{9A19103F-16F7-4668-BE54-9A1E7A4F7556}") = "Day5", "Day5\Day5.csproj", "{545AACF6-DBE6-4CA9-91CE-514979D9A115}"
EndProject
Project("{9A19103F-16F7-4668-BE54-9A1E7A4F7556}") = "Day6", "Day6\Day6.csproj", "{0D0EA014-3250-441E-823C-A2C0EFA6DAA3}"
EndProject
Project("{9A19103F-16F7-4668-BE54-9A1E7A4F7556}") = "Day7", "Day7\Day7.csproj", "{5F8BF042-C2E0-4C82-AA07-6685CBC51BC3}"
EndProject
Project("{9A19103F-16F7-4668-BE54-9A1E7A4F7556}") = "Day8", "Day8\Day8.csproj", "{32273674-B29A-405E-AC48-EEDD51FC9AB3}"
EndProject
Project("{9A19103F-16F7-4668-BE54-9A1E7A4F7556}") = "Day9", "Day9\Day9.csproj", "{265543C0-4252-4B72-A6D7-EA3E4456EC50}"
EndProject
Project("{FAE04EC0-301F-11D3-BF4B-00C04F79EFBC}") = "Day10", "Day10\Day10.csproj", "{8D5193D7-6ED7-4A95-9640-FFF6171E467B}"
EndProject
Global
	GlobalSection(SolutionConfigurationPlatforms) = preSolution
		Debug|Any CPU = Debug|Any CPU
		Release|Any CPU = Release|Any CPU
	EndGlobalSection
	GlobalSection(ProjectConfigurationPlatforms) = postSolution
		{98EB2844-2B24-439D-B9E8-F1A6DFD15FED}.Debug|Any CPU.ActiveCfg = Debug|Any CPU
		{98EB2844-2B24-439D-B9E8-F1A6DFD15FED}.Debug|Any CPU.Build.0 = Debug|Any CPU
		{98EB2844-2B24-439D-B9E8-F1A6DFD15FED}.Release|Any CPU.ActiveCfg = Release|Any CPU
		{98EB2844-2B24-439D-B9E8-F1A6DFD15FED}.Release|Any CPU.Build.0 = Release|Any CPU
		{377CB367-2BF2-4443-B945-57AA6631AAA7}.Debug|Any CPU.ActiveCfg = Debug|Any CPU
		{377CB367-2BF2-4443-B945-57AA6631AAA7}.Debug|Any CPU.Build.0 = Debug|Any CPU
		{377CB367-2BF2-4443-B945-57AA6631AAA7}.Release|Any CPU.ActiveCfg = Release|Any CPU
		{377CB367-2BF2-4443-B945-57AA6631AAA7}.Release|Any CPU.Build.0 = Release|Any CPU
		{9FF92C35-0720-4444-A468-A59DE2FE63F2}.Debug|Any CPU.ActiveCfg = Debug|Any CPU
		{9FF92C35-0720-4444-A468-A59DE2FE63F2}.Debug|Any CPU.Build.0 = Debug|Any CPU
		{9FF92C35-0720-4444-A468-A59DE2FE63F2}.Release|Any CPU.ActiveCfg = Release|Any CPU
		{9FF92C35-0720-4444-A468-A59DE2FE63F2}.Release|Any CPU.Build.0 = Release|Any CPU
		{2C2CF9D3-314B-4CDC-A132-10A31B5A788D}.Debug|Any CPU.ActiveCfg = Debug|Any CPU
		{2C2CF9D3-314B-4CDC-A132-10A31B5A788D}.Debug|Any CPU.Build.0 = Debug|Any CPU
		{2C2CF9D3-314B-4CDC-A132-10A31B5A788D}.Release|Any CPU.ActiveCfg = Release|Any CPU
		{2C2CF9D3-314B-4CDC-A132-10A31B5A788D}.Release|Any CPU.Build.0 = Release|Any CPU
		{FB3D4565-B436-45BF-8B81-B5C41432968C}.Debug|Any CPU.ActiveCfg = Debug|Any CPU
		{FB3D4565-B436-45BF-8B81-B5C41432968C}.Debug|Any CPU.Build.0 = Debug|Any CPU
		{FB3D4565-B436-45BF-8B81-B5C41432968C}.Release|Any CPU.ActiveCfg = Release|Any CPU
		{FB3D4565-B436-45BF-8B81-B5C41432968C}.Release|Any CPU.Build.0 = Release|Any CPU
		{545AACF6-DBE6-4CA9-91CE-514979D9A115}.Debug|Any CPU.ActiveCfg = Debug|Any CPU
		{545AACF6-DBE6-4CA9-91CE-514979D9A115}.Debug|Any CPU.Build.0 = Debug|Any CPU
		{545AACF6-DBE6-4CA9-91CE-514979D9A115}.Release|Any CPU.ActiveCfg = Release|Any CPU
		{545AACF6-DBE6-4CA9-91CE-514979D9A115}.Release|Any CPU.Build.0 = Release|Any CPU
		{0D0EA014-3250-441E-823C-A2C0EFA6DAA3}.Debug|Any CPU.ActiveCfg = Debug|Any CPU
		{0D0EA014-3250-441E-823C-A2C0EFA6DAA3}.Debug|Any CPU.Build.0 = Debug|Any CPU
		{0D0EA014-3250-441E-823C-A2C0EFA6DAA3}.Release|Any CPU.ActiveCfg = Release|Any CPU
		{0D0EA014-3250-441E-823C-A2C0EFA6DAA3}.Release|Any CPU.Build.0 = Release|Any CPU
		{5F8BF042-C2E0-4C82-AA07-6685CBC51BC3}.Debug|Any CPU.ActiveCfg = Debug|Any CPU
		{5F8BF042-C2E0-4C82-AA07-6685CBC51BC3}.Debug|Any CPU.Build.0 = Debug|Any CPU
		{5F8BF042-C2E0-4C82-AA07-6685CBC51BC3}.Release|Any CPU.ActiveCfg = Release|Any CPU
		{5F8BF042-C2E0-4C82-AA07-6685CBC51BC3}.Release|Any CPU.Build.0 = Release|Any CPU
		{32273674-B29A-405E-AC48-EEDD51FC9AB3}.Debug|Any CPU.ActiveCfg = Debug|Any CPU
		{32273674-B29A-405E-AC48-EEDD51FC9AB3}.Debug|Any CPU.Build.0 = Debug|Any CPU
		{32273674-B29A-405E-AC48-EEDD51FC9AB3}.Release|Any CPU.ActiveCfg = Release|Any CPU
		{32273674-B29A-405E-AC48-EEDD51FC9AB3}.Release|Any CPU.Build.0 = Release|Any CPU
		{265543C0-4252-4B72-A6D7-EA3E4456EC50}.Debug|Any CPU.ActiveCfg = Debug|Any CPU
		{265543C0-4252-4B72-A6D7-EA3E4456EC50}.Debug|Any CPU.Build.0 = Debug|Any CPU
		{265543C0-4252-4B72-A6D7-EA3E4456EC50}.Release|Any CPU.ActiveCfg = Release|Any CPU
		{265543C0-4252-4B72-A6D7-EA3E4456EC50}.Release|Any CPU.Build.0 = Release|Any CPU
		{8D5193D7-6ED7-4A95-9640-FFF6171E467B}.Debug|Any CPU.ActiveCfg = Debug|Any CPU
		{8D5193D7-6ED7-4A95-9640-FFF6171E467B}.Debug|Any CPU.Build.0 = Debug|Any CPU
		{8D5193D7-6ED7-4A95-9640-FFF6171E467B}.Release|Any CPU.ActiveCfg = Release|Any CPU
		{8D5193D7-6ED7-4A95-9640-FFF6171E467B}.Release|Any CPU.Build.0 = Release|Any CPU
	EndGlobalSection
	GlobalSection(SolutionProperties) = preSolution
		HideSolutionNode = FALSE
	EndGlobalSection
	GlobalSection(ExtensibilityGlobals) = postSolution
		SolutionGuid = {3A8C5943-E164-45A6-A943-41EA55C8D669}
	EndGlobalSection
EndGlobal
