
Microsoft Visual Studio Solution File, Format Version 12.00
# Visual Studio Version 17
VisualStudioVersion = 17.0.31825.309
MinimumVisualStudioVersion = 10.0.40219.1
Project("{9A19103F-16F7-4668-BE54-9A1E7A4F7556}") = "Common", "Common\Common.csproj", "{377CB367-2BF2-4443-B945-57AA6631AAA7}"
EndProject
Project("{2150E333-8FDC-42A3-9474-1A3956D46DE8}") = "2021", "2021", "{E6BA6815-A090-4735-AF57-7B92FA6D233A}"
EndProject
Project("{9A19103F-16F7-4668-BE54-9A1E7A4F7556}") = "Day1", "2021\Day1\Day1.csproj", "{D35B234B-AB30-4E7E-A796-5DC3F02A452E}"
EndProject
Project("{9A19103F-16F7-4668-BE54-9A1E7A4F7556}") = "Day2", "2021\Day2\Day2.csproj", "{AEC8F331-D118-4A7A-9388-A90068296CB3}"
EndProject
Project("{9A19103F-16F7-4668-BE54-9A1E7A4F7556}") = "Day3", "2021\Day3\Day3.csproj", "{303B7519-735C-4405-9604-684759C0B598}"
EndProject
Project("{9A19103F-16F7-4668-BE54-9A1E7A4F7556}") = "Day4", "2021\Day4\Day4.csproj", "{C447A374-1D62-4F7E-B378-E305105A697F}"
EndProject
Project("{9A19103F-16F7-4668-BE54-9A1E7A4F7556}") = "Day5", "2021\Day5\Day5.csproj", "{625FDC10-3A0C-46DD-9AE1-A11B7A402AFF}"
EndProject
Project("{9A19103F-16F7-4668-BE54-9A1E7A4F7556}") = "Day6", "2021\Day6\Day6.csproj", "{D526DBF0-2E13-4D66-979D-6B79F803A982}"
EndProject
Project("{9A19103F-16F7-4668-BE54-9A1E7A4F7556}") = "Day7", "2021\Day7\Day7.csproj", "{EE4552AC-7D88-4AEB-B44C-13E5D1B6302B}"
EndProject
Project("{9A19103F-16F7-4668-BE54-9A1E7A4F7556}") = "Day8", "2021\Day8\Day8.csproj", "{4664639A-ECC1-4F7E-8F91-8335EBAEAB03}"
EndProject
Project("{9A19103F-16F7-4668-BE54-9A1E7A4F7556}") = "Day9", "2021\Day9\Day9.csproj", "{FAEC1393-1AEB-4DD2-8B7E-C850E22C1B72}"
EndProject
Project("{9A19103F-16F7-4668-BE54-9A1E7A4F7556}") = "Day10", "2021\Day10\Day10.csproj", "{84CF1B9E-964A-4404-9000-E3F218CC072D}"
EndProject
Project("{9A19103F-16F7-4668-BE54-9A1E7A4F7556}") = "Day11", "2021\Day11\Day11.csproj", "{16471F5B-CEDD-4F2D-9B0D-444040B23B0B}"
EndProject
Project("{9A19103F-16F7-4668-BE54-9A1E7A4F7556}") = "Day12", "2021\Day12\Day12.csproj", "{807359D0-BC62-4AF3-8DEC-948FCB6A7AD0}"
EndProject
Project("{9A19103F-16F7-4668-BE54-9A1E7A4F7556}") = "Day13", "2021\Day13\Day13.csproj", "{C74CE482-0F0C-4844-A6B9-4898724D7CEA}"
EndProject
Project("{9A19103F-16F7-4668-BE54-9A1E7A4F7556}") = "Day14", "2021\Day14\Day14.csproj", "{35B420A6-DDC0-41A0-BB47-EB2570DC86BF}"
EndProject
Project("{9A19103F-16F7-4668-BE54-9A1E7A4F7556}") = "Day15", "2021\Day15\Day15.csproj", "{A8B6F52E-BC36-4961-A25E-92C8151A1F77}"
EndProject
Project("{9A19103F-16F7-4668-BE54-9A1E7A4F7556}") = "Day16", "2021\Day16\Day16.csproj", "{B8D624DC-4D1E-4B5C-9F30-811C6A9DDD2F}"
EndProject
Project("{9A19103F-16F7-4668-BE54-9A1E7A4F7556}") = "Day17", "2021\Day17\Day17.csproj", "{9D7F8611-D732-4FC3-A217-F03BDA90CCF3}"
EndProject
Project("{2150E333-8FDC-42A3-9474-1A3956D46DE8}") = "2022", "2022", "{04F8F288-FA30-44AA-9F89-5A552CA53669}"
EndProject
Project("{9A19103F-16F7-4668-BE54-9A1E7A4F7556}") = "Day1", "2022\Day1\Day1.csproj", "{5BB28316-6907-41BA-83E9-F1C7C840FD8A}"
EndProject
Project("{9A19103F-16F7-4668-BE54-9A1E7A4F7556}") = "Day2", "2022\Day2\Day2.csproj", "{626FB77D-454D-47D0-ABBD-D56B74E9F86B}"
EndProject
Project("{9A19103F-16F7-4668-BE54-9A1E7A4F7556}") = "Day3", "2022\Day3\Day3.csproj", "{84739BD7-3023-4D0A-9819-4C7329541049}"
EndProject
Project("{9A19103F-16F7-4668-BE54-9A1E7A4F7556}") = "Day4", "2022\Day4\Day4.csproj", "{7B216F5D-C1FA-4FCD-B5B0-57C214735729}"
EndProject
Project("{9A19103F-16F7-4668-BE54-9A1E7A4F7556}") = "Day5", "2022\Day5\Day5.csproj", "{70AF7161-456A-4EA6-AFD8-4C4D8E7AC403}"
EndProject
Project("{9A19103F-16F7-4668-BE54-9A1E7A4F7556}") = "Day6", "2022\Day6\Day6.csproj", "{734BC7AA-57AD-4B64-AAF5-F05E4036805F}"
EndProject
Project("{9A19103F-16F7-4668-BE54-9A1E7A4F7556}") = "Day7", "2022\Day7\Day7.csproj", "{CA3D29EE-A4B8-462D-B26E-3D8C1961D7A4}"
EndProject
Project("{9A19103F-16F7-4668-BE54-9A1E7A4F7556}") = "Day8", "2022\Day8\Day8.csproj", "{3EC8FDD1-9442-4CD4-AD99-518921ECAF7B}"
EndProject
Project("{9A19103F-16F7-4668-BE54-9A1E7A4F7556}") = "Day9", "2022\Day9\Day9.csproj", "{68E6C3A4-7BFA-4354-BB67-16DE8A7C22FB}"
EndProject
Project("{FAE04EC0-301F-11D3-BF4B-00C04F79EFBC}") = "Day10", "2022\Day10\Day10.csproj", "{E3392E27-5A16-4D6D-8114-42CE3175C6B6}"
EndProject
Project("{FAE04EC0-301F-11D3-BF4B-00C04F79EFBC}") = "Day11", "2022\Day11\Day11.csproj", "{B3F6CB38-5E4C-4075-AFC4-0B0FC496B01A}"
EndProject
Global
	GlobalSection(SolutionConfigurationPlatforms) = preSolution
		Debug|Any CPU = Debug|Any CPU
		Release|Any CPU = Release|Any CPU
	EndGlobalSection
	GlobalSection(ProjectConfigurationPlatforms) = postSolution
		{377CB367-2BF2-4443-B945-57AA6631AAA7}.Debug|Any CPU.ActiveCfg = Debug|Any CPU
		{377CB367-2BF2-4443-B945-57AA6631AAA7}.Debug|Any CPU.Build.0 = Debug|Any CPU
		{377CB367-2BF2-4443-B945-57AA6631AAA7}.Release|Any CPU.ActiveCfg = Release|Any CPU
		{377CB367-2BF2-4443-B945-57AA6631AAA7}.Release|Any CPU.Build.0 = Release|Any CPU
		{D35B234B-AB30-4E7E-A796-5DC3F02A452E}.Debug|Any CPU.ActiveCfg = Debug|Any CPU
		{D35B234B-AB30-4E7E-A796-5DC3F02A452E}.Debug|Any CPU.Build.0 = Debug|Any CPU
		{D35B234B-AB30-4E7E-A796-5DC3F02A452E}.Release|Any CPU.ActiveCfg = Release|Any CPU
		{D35B234B-AB30-4E7E-A796-5DC3F02A452E}.Release|Any CPU.Build.0 = Release|Any CPU
		{AEC8F331-D118-4A7A-9388-A90068296CB3}.Debug|Any CPU.ActiveCfg = Debug|Any CPU
		{AEC8F331-D118-4A7A-9388-A90068296CB3}.Debug|Any CPU.Build.0 = Debug|Any CPU
		{AEC8F331-D118-4A7A-9388-A90068296CB3}.Release|Any CPU.ActiveCfg = Release|Any CPU
		{AEC8F331-D118-4A7A-9388-A90068296CB3}.Release|Any CPU.Build.0 = Release|Any CPU
		{303B7519-735C-4405-9604-684759C0B598}.Debug|Any CPU.ActiveCfg = Debug|Any CPU
		{303B7519-735C-4405-9604-684759C0B598}.Debug|Any CPU.Build.0 = Debug|Any CPU
		{303B7519-735C-4405-9604-684759C0B598}.Release|Any CPU.ActiveCfg = Release|Any CPU
		{303B7519-735C-4405-9604-684759C0B598}.Release|Any CPU.Build.0 = Release|Any CPU
		{C447A374-1D62-4F7E-B378-E305105A697F}.Debug|Any CPU.ActiveCfg = Debug|Any CPU
		{C447A374-1D62-4F7E-B378-E305105A697F}.Debug|Any CPU.Build.0 = Debug|Any CPU
		{C447A374-1D62-4F7E-B378-E305105A697F}.Release|Any CPU.ActiveCfg = Release|Any CPU
		{C447A374-1D62-4F7E-B378-E305105A697F}.Release|Any CPU.Build.0 = Release|Any CPU
		{625FDC10-3A0C-46DD-9AE1-A11B7A402AFF}.Debug|Any CPU.ActiveCfg = Debug|Any CPU
		{625FDC10-3A0C-46DD-9AE1-A11B7A402AFF}.Debug|Any CPU.Build.0 = Debug|Any CPU
		{625FDC10-3A0C-46DD-9AE1-A11B7A402AFF}.Release|Any CPU.ActiveCfg = Release|Any CPU
		{625FDC10-3A0C-46DD-9AE1-A11B7A402AFF}.Release|Any CPU.Build.0 = Release|Any CPU
		{D526DBF0-2E13-4D66-979D-6B79F803A982}.Debug|Any CPU.ActiveCfg = Debug|Any CPU
		{D526DBF0-2E13-4D66-979D-6B79F803A982}.Debug|Any CPU.Build.0 = Debug|Any CPU
		{D526DBF0-2E13-4D66-979D-6B79F803A982}.Release|Any CPU.ActiveCfg = Release|Any CPU
		{D526DBF0-2E13-4D66-979D-6B79F803A982}.Release|Any CPU.Build.0 = Release|Any CPU
		{EE4552AC-7D88-4AEB-B44C-13E5D1B6302B}.Debug|Any CPU.ActiveCfg = Debug|Any CPU
		{EE4552AC-7D88-4AEB-B44C-13E5D1B6302B}.Debug|Any CPU.Build.0 = Debug|Any CPU
		{EE4552AC-7D88-4AEB-B44C-13E5D1B6302B}.Release|Any CPU.ActiveCfg = Release|Any CPU
		{EE4552AC-7D88-4AEB-B44C-13E5D1B6302B}.Release|Any CPU.Build.0 = Release|Any CPU
		{4664639A-ECC1-4F7E-8F91-8335EBAEAB03}.Debug|Any CPU.ActiveCfg = Debug|Any CPU
		{4664639A-ECC1-4F7E-8F91-8335EBAEAB03}.Debug|Any CPU.Build.0 = Debug|Any CPU
		{4664639A-ECC1-4F7E-8F91-8335EBAEAB03}.Release|Any CPU.ActiveCfg = Release|Any CPU
		{4664639A-ECC1-4F7E-8F91-8335EBAEAB03}.Release|Any CPU.Build.0 = Release|Any CPU
		{FAEC1393-1AEB-4DD2-8B7E-C850E22C1B72}.Debug|Any CPU.ActiveCfg = Debug|Any CPU
		{FAEC1393-1AEB-4DD2-8B7E-C850E22C1B72}.Debug|Any CPU.Build.0 = Debug|Any CPU
		{FAEC1393-1AEB-4DD2-8B7E-C850E22C1B72}.Release|Any CPU.ActiveCfg = Release|Any CPU
		{FAEC1393-1AEB-4DD2-8B7E-C850E22C1B72}.Release|Any CPU.Build.0 = Release|Any CPU
		{84CF1B9E-964A-4404-9000-E3F218CC072D}.Debug|Any CPU.ActiveCfg = Debug|Any CPU
		{84CF1B9E-964A-4404-9000-E3F218CC072D}.Debug|Any CPU.Build.0 = Debug|Any CPU
		{84CF1B9E-964A-4404-9000-E3F218CC072D}.Release|Any CPU.ActiveCfg = Release|Any CPU
		{84CF1B9E-964A-4404-9000-E3F218CC072D}.Release|Any CPU.Build.0 = Release|Any CPU
		{16471F5B-CEDD-4F2D-9B0D-444040B23B0B}.Debug|Any CPU.ActiveCfg = Debug|Any CPU
		{16471F5B-CEDD-4F2D-9B0D-444040B23B0B}.Debug|Any CPU.Build.0 = Debug|Any CPU
		{16471F5B-CEDD-4F2D-9B0D-444040B23B0B}.Release|Any CPU.ActiveCfg = Release|Any CPU
		{16471F5B-CEDD-4F2D-9B0D-444040B23B0B}.Release|Any CPU.Build.0 = Release|Any CPU
		{807359D0-BC62-4AF3-8DEC-948FCB6A7AD0}.Debug|Any CPU.ActiveCfg = Debug|Any CPU
		{807359D0-BC62-4AF3-8DEC-948FCB6A7AD0}.Debug|Any CPU.Build.0 = Debug|Any CPU
		{807359D0-BC62-4AF3-8DEC-948FCB6A7AD0}.Release|Any CPU.ActiveCfg = Release|Any CPU
		{807359D0-BC62-4AF3-8DEC-948FCB6A7AD0}.Release|Any CPU.Build.0 = Release|Any CPU
		{C74CE482-0F0C-4844-A6B9-4898724D7CEA}.Debug|Any CPU.ActiveCfg = Debug|Any CPU
		{C74CE482-0F0C-4844-A6B9-4898724D7CEA}.Debug|Any CPU.Build.0 = Debug|Any CPU
		{C74CE482-0F0C-4844-A6B9-4898724D7CEA}.Release|Any CPU.ActiveCfg = Release|Any CPU
		{C74CE482-0F0C-4844-A6B9-4898724D7CEA}.Release|Any CPU.Build.0 = Release|Any CPU
		{35B420A6-DDC0-41A0-BB47-EB2570DC86BF}.Debug|Any CPU.ActiveCfg = Debug|Any CPU
		{35B420A6-DDC0-41A0-BB47-EB2570DC86BF}.Debug|Any CPU.Build.0 = Debug|Any CPU
		{35B420A6-DDC0-41A0-BB47-EB2570DC86BF}.Release|Any CPU.ActiveCfg = Release|Any CPU
		{35B420A6-DDC0-41A0-BB47-EB2570DC86BF}.Release|Any CPU.Build.0 = Release|Any CPU
		{A8B6F52E-BC36-4961-A25E-92C8151A1F77}.Debug|Any CPU.ActiveCfg = Debug|Any CPU
		{A8B6F52E-BC36-4961-A25E-92C8151A1F77}.Debug|Any CPU.Build.0 = Debug|Any CPU
		{A8B6F52E-BC36-4961-A25E-92C8151A1F77}.Release|Any CPU.ActiveCfg = Release|Any CPU
		{A8B6F52E-BC36-4961-A25E-92C8151A1F77}.Release|Any CPU.Build.0 = Release|Any CPU
		{B8D624DC-4D1E-4B5C-9F30-811C6A9DDD2F}.Debug|Any CPU.ActiveCfg = Debug|Any CPU
		{B8D624DC-4D1E-4B5C-9F30-811C6A9DDD2F}.Debug|Any CPU.Build.0 = Debug|Any CPU
		{B8D624DC-4D1E-4B5C-9F30-811C6A9DDD2F}.Release|Any CPU.ActiveCfg = Release|Any CPU
		{B8D624DC-4D1E-4B5C-9F30-811C6A9DDD2F}.Release|Any CPU.Build.0 = Release|Any CPU
		{9D7F8611-D732-4FC3-A217-F03BDA90CCF3}.Debug|Any CPU.ActiveCfg = Debug|Any CPU
		{9D7F8611-D732-4FC3-A217-F03BDA90CCF3}.Debug|Any CPU.Build.0 = Debug|Any CPU
		{9D7F8611-D732-4FC3-A217-F03BDA90CCF3}.Release|Any CPU.ActiveCfg = Release|Any CPU
		{9D7F8611-D732-4FC3-A217-F03BDA90CCF3}.Release|Any CPU.Build.0 = Release|Any CPU
		{5BB28316-6907-41BA-83E9-F1C7C840FD8A}.Debug|Any CPU.ActiveCfg = Debug|Any CPU
		{5BB28316-6907-41BA-83E9-F1C7C840FD8A}.Debug|Any CPU.Build.0 = Debug|Any CPU
		{5BB28316-6907-41BA-83E9-F1C7C840FD8A}.Release|Any CPU.ActiveCfg = Release|Any CPU
		{5BB28316-6907-41BA-83E9-F1C7C840FD8A}.Release|Any CPU.Build.0 = Release|Any CPU
		{626FB77D-454D-47D0-ABBD-D56B74E9F86B}.Debug|Any CPU.ActiveCfg = Debug|Any CPU
		{626FB77D-454D-47D0-ABBD-D56B74E9F86B}.Debug|Any CPU.Build.0 = Debug|Any CPU
		{626FB77D-454D-47D0-ABBD-D56B74E9F86B}.Release|Any CPU.ActiveCfg = Release|Any CPU
		{626FB77D-454D-47D0-ABBD-D56B74E9F86B}.Release|Any CPU.Build.0 = Release|Any CPU
		{84739BD7-3023-4D0A-9819-4C7329541049}.Debug|Any CPU.ActiveCfg = Debug|Any CPU
		{84739BD7-3023-4D0A-9819-4C7329541049}.Debug|Any CPU.Build.0 = Debug|Any CPU
		{84739BD7-3023-4D0A-9819-4C7329541049}.Release|Any CPU.ActiveCfg = Release|Any CPU
		{84739BD7-3023-4D0A-9819-4C7329541049}.Release|Any CPU.Build.0 = Release|Any CPU
		{7B216F5D-C1FA-4FCD-B5B0-57C214735729}.Debug|Any CPU.ActiveCfg = Debug|Any CPU
		{7B216F5D-C1FA-4FCD-B5B0-57C214735729}.Debug|Any CPU.Build.0 = Debug|Any CPU
		{7B216F5D-C1FA-4FCD-B5B0-57C214735729}.Release|Any CPU.ActiveCfg = Release|Any CPU
		{7B216F5D-C1FA-4FCD-B5B0-57C214735729}.Release|Any CPU.Build.0 = Release|Any CPU
		{70AF7161-456A-4EA6-AFD8-4C4D8E7AC403}.Debug|Any CPU.ActiveCfg = Debug|Any CPU
		{70AF7161-456A-4EA6-AFD8-4C4D8E7AC403}.Debug|Any CPU.Build.0 = Debug|Any CPU
		{70AF7161-456A-4EA6-AFD8-4C4D8E7AC403}.Release|Any CPU.ActiveCfg = Release|Any CPU
		{70AF7161-456A-4EA6-AFD8-4C4D8E7AC403}.Release|Any CPU.Build.0 = Release|Any CPU
		{734BC7AA-57AD-4B64-AAF5-F05E4036805F}.Debug|Any CPU.ActiveCfg = Debug|Any CPU
		{734BC7AA-57AD-4B64-AAF5-F05E4036805F}.Debug|Any CPU.Build.0 = Debug|Any CPU
		{734BC7AA-57AD-4B64-AAF5-F05E4036805F}.Release|Any CPU.ActiveCfg = Release|Any CPU
		{734BC7AA-57AD-4B64-AAF5-F05E4036805F}.Release|Any CPU.Build.0 = Release|Any CPU
		{CA3D29EE-A4B8-462D-B26E-3D8C1961D7A4}.Debug|Any CPU.ActiveCfg = Debug|Any CPU
		{CA3D29EE-A4B8-462D-B26E-3D8C1961D7A4}.Debug|Any CPU.Build.0 = Debug|Any CPU
		{CA3D29EE-A4B8-462D-B26E-3D8C1961D7A4}.Release|Any CPU.ActiveCfg = Release|Any CPU
		{CA3D29EE-A4B8-462D-B26E-3D8C1961D7A4}.Release|Any CPU.Build.0 = Release|Any CPU
		{3EC8FDD1-9442-4CD4-AD99-518921ECAF7B}.Debug|Any CPU.ActiveCfg = Debug|Any CPU
		{3EC8FDD1-9442-4CD4-AD99-518921ECAF7B}.Debug|Any CPU.Build.0 = Debug|Any CPU
		{3EC8FDD1-9442-4CD4-AD99-518921ECAF7B}.Release|Any CPU.ActiveCfg = Release|Any CPU
		{3EC8FDD1-9442-4CD4-AD99-518921ECAF7B}.Release|Any CPU.Build.0 = Release|Any CPU
		{68E6C3A4-7BFA-4354-BB67-16DE8A7C22FB}.Debug|Any CPU.ActiveCfg = Debug|Any CPU
		{68E6C3A4-7BFA-4354-BB67-16DE8A7C22FB}.Debug|Any CPU.Build.0 = Debug|Any CPU
		{68E6C3A4-7BFA-4354-BB67-16DE8A7C22FB}.Release|Any CPU.ActiveCfg = Release|Any CPU
		{68E6C3A4-7BFA-4354-BB67-16DE8A7C22FB}.Release|Any CPU.Build.0 = Release|Any CPU
		{E3392E27-5A16-4D6D-8114-42CE3175C6B6}.Debug|Any CPU.ActiveCfg = Debug|Any CPU
		{E3392E27-5A16-4D6D-8114-42CE3175C6B6}.Debug|Any CPU.Build.0 = Debug|Any CPU
		{E3392E27-5A16-4D6D-8114-42CE3175C6B6}.Release|Any CPU.ActiveCfg = Release|Any CPU
		{E3392E27-5A16-4D6D-8114-42CE3175C6B6}.Release|Any CPU.Build.0 = Release|Any CPU
		{B3F6CB38-5E4C-4075-AFC4-0B0FC496B01A}.Debug|Any CPU.ActiveCfg = Debug|Any CPU
		{B3F6CB38-5E4C-4075-AFC4-0B0FC496B01A}.Debug|Any CPU.Build.0 = Debug|Any CPU
		{B3F6CB38-5E4C-4075-AFC4-0B0FC496B01A}.Release|Any CPU.ActiveCfg = Release|Any CPU
		{B3F6CB38-5E4C-4075-AFC4-0B0FC496B01A}.Release|Any CPU.Build.0 = Release|Any CPU
	EndGlobalSection
	GlobalSection(SolutionProperties) = preSolution
		HideSolutionNode = FALSE
	EndGlobalSection
	GlobalSection(NestedProjects) = preSolution
		{D35B234B-AB30-4E7E-A796-5DC3F02A452E} = {E6BA6815-A090-4735-AF57-7B92FA6D233A}
		{AEC8F331-D118-4A7A-9388-A90068296CB3} = {E6BA6815-A090-4735-AF57-7B92FA6D233A}
		{303B7519-735C-4405-9604-684759C0B598} = {E6BA6815-A090-4735-AF57-7B92FA6D233A}
		{C447A374-1D62-4F7E-B378-E305105A697F} = {E6BA6815-A090-4735-AF57-7B92FA6D233A}
		{625FDC10-3A0C-46DD-9AE1-A11B7A402AFF} = {E6BA6815-A090-4735-AF57-7B92FA6D233A}
		{D526DBF0-2E13-4D66-979D-6B79F803A982} = {E6BA6815-A090-4735-AF57-7B92FA6D233A}
		{EE4552AC-7D88-4AEB-B44C-13E5D1B6302B} = {E6BA6815-A090-4735-AF57-7B92FA6D233A}
		{4664639A-ECC1-4F7E-8F91-8335EBAEAB03} = {E6BA6815-A090-4735-AF57-7B92FA6D233A}
		{FAEC1393-1AEB-4DD2-8B7E-C850E22C1B72} = {E6BA6815-A090-4735-AF57-7B92FA6D233A}
		{84CF1B9E-964A-4404-9000-E3F218CC072D} = {E6BA6815-A090-4735-AF57-7B92FA6D233A}
		{16471F5B-CEDD-4F2D-9B0D-444040B23B0B} = {E6BA6815-A090-4735-AF57-7B92FA6D233A}
		{807359D0-BC62-4AF3-8DEC-948FCB6A7AD0} = {E6BA6815-A090-4735-AF57-7B92FA6D233A}
		{C74CE482-0F0C-4844-A6B9-4898724D7CEA} = {E6BA6815-A090-4735-AF57-7B92FA6D233A}
		{35B420A6-DDC0-41A0-BB47-EB2570DC86BF} = {E6BA6815-A090-4735-AF57-7B92FA6D233A}
		{A8B6F52E-BC36-4961-A25E-92C8151A1F77} = {E6BA6815-A090-4735-AF57-7B92FA6D233A}
		{B8D624DC-4D1E-4B5C-9F30-811C6A9DDD2F} = {E6BA6815-A090-4735-AF57-7B92FA6D233A}
		{9D7F8611-D732-4FC3-A217-F03BDA90CCF3} = {E6BA6815-A090-4735-AF57-7B92FA6D233A}
		{5BB28316-6907-41BA-83E9-F1C7C840FD8A} = {04F8F288-FA30-44AA-9F89-5A552CA53669}
		{626FB77D-454D-47D0-ABBD-D56B74E9F86B} = {04F8F288-FA30-44AA-9F89-5A552CA53669}
		{84739BD7-3023-4D0A-9819-4C7329541049} = {04F8F288-FA30-44AA-9F89-5A552CA53669}
		{7B216F5D-C1FA-4FCD-B5B0-57C214735729} = {04F8F288-FA30-44AA-9F89-5A552CA53669}
		{70AF7161-456A-4EA6-AFD8-4C4D8E7AC403} = {04F8F288-FA30-44AA-9F89-5A552CA53669}
		{734BC7AA-57AD-4B64-AAF5-F05E4036805F} = {04F8F288-FA30-44AA-9F89-5A552CA53669}
		{CA3D29EE-A4B8-462D-B26E-3D8C1961D7A4} = {04F8F288-FA30-44AA-9F89-5A552CA53669}
		{3EC8FDD1-9442-4CD4-AD99-518921ECAF7B} = {04F8F288-FA30-44AA-9F89-5A552CA53669}
		{68E6C3A4-7BFA-4354-BB67-16DE8A7C22FB} = {04F8F288-FA30-44AA-9F89-5A552CA53669}
		{E3392E27-5A16-4D6D-8114-42CE3175C6B6} = {04F8F288-FA30-44AA-9F89-5A552CA53669}
		{B3F6CB38-5E4C-4075-AFC4-0B0FC496B01A} = {04F8F288-FA30-44AA-9F89-5A552CA53669}
	EndGlobalSection
	GlobalSection(ExtensibilityGlobals) = postSolution
		SolutionGuid = {3A8C5943-E164-45A6-A943-41EA55C8D669}
	EndGlobalSection
EndGlobal
